{
  "nodes": {
    "eastern-zone-latest": {
      "flake": false,
      "locked": {
        "narHash": "sha256-kHnD1gROOXUIexRXsV1EcH6GOAQn0Z3uAMj5ncmUrug=",
        "type": "file",
        "url": "https://download.geofabrik.de/asia/india/eastern-zone-latest.osm.pbf"
      },
      "original": {
        "type": "file",
        "url": "https://download.geofabrik.de/asia/india/eastern-zone-latest.osm.pbf"
      }
    },
    "flake-parts": {
      "inputs": {
        "nixpkgs-lib": "nixpkgs-lib"
      },
      "locked": {
        "lastModified": 1690933134,
        "narHash": "sha256-ab989mN63fQZBFrkk4Q8bYxQCktuHmBIBqUG1jl6/FQ=",
        "owner": "hercules-ci",
        "repo": "flake-parts",
        "rev": "59cf3f1447cfc75087e7273b04b31e689a8599fb",
        "type": "github"
      },
      "original": {
        "owner": "hercules-ci",
        "repo": "flake-parts",
        "type": "github"
      }
    },
    "nixpkgs": {
      "locked": {
        "lastModified": 1692221125,
        "narHash": "sha256-nKUDlbLL8/WW3Fpx9Y0sY+LliTqU3/GexvHU9BdA8Qk=",
        "owner": "nixos",
        "repo": "nixpkgs",
        "rev": "214c9de8159b25f3cdc8374a80794d4d5787b4cf",
        "type": "github"
      },
      "original": {
        "owner": "nixos",
        "ref": "nixpkgs-unstable",
        "repo": "nixpkgs",
        "type": "github"
      }
    },
    "nixpkgs-lib": {
      "locked": {
        "dir": "lib",
        "lastModified": 1690881714,
        "narHash": "sha256-h/nXluEqdiQHs1oSgkOOWF+j8gcJMWhwnZ9PFabN6q0=",
        "owner": "NixOS",
        "repo": "nixpkgs",
        "rev": "9e1960bc196baf6881340d53dccb203a951745a2",
        "type": "github"
      },
      "original": {
        "dir": "lib",
        "owner": "NixOS",
        "ref": "nixos-unstable",
        "repo": "nixpkgs",
        "type": "github"
      }
    },
    "root": {
      "inputs": {
        "eastern-zone-latest": "eastern-zone-latest",
        "flake-parts": "flake-parts",
        "nixpkgs": "nixpkgs",
        "southern-zone-latest": "southern-zone-latest",
        "systems": "systems"
      }
    },
    "southern-zone-latest": {
      "flake": false,
      "locked": {
        "narHash": "sha256-59KOFioYb7tiuePP57g6hvNRKj7NjHJViEuLvyr5vF4=",
        "type": "file",
        "url": "https://download.geofabrik.de/asia/india/southern-zone-latest.osm.pbf"
      },
      "original": {
        "type": "file",
        "url": "https://download.geofabrik.de/asia/india/southern-zone-latest.osm.pbf"
      }
    },
    "systems": {
      "locked": {
        "lastModified": 1681028828,
        "narHash": "sha256-Vy1rq5AaRuLzOxct8nz4T6wlgyUR7zLU309k9mBC768=",
        "owner": "nix-systems",
        "repo": "default",
        "rev": "da67096a3b9bf56a91d16901293e51ba5b49a27e",
        "type": "github"
      },
      "original": {
        "owner": "nix-systems",
        "repo": "default",
        "type": "github"
      }
    }
  },
  "root": "root",
  "version": 7
}
